// !$*UTF8*$!
{
	archiveVersion = 1;
	classes = {
	};
	objectVersion = 50;
	objects = {

/* Begin PBXBuildFile section */
		EC17747421B04ABE00455170 /* Location.swift in Sources */ = {isa = PBXBuildFile; fileRef = EC17747321B04ABE00455170 /* Location.swift */; };
		EC1FAA3421AD73D0006ABCFD /* Stationnement.swift in Sources */ = {isa = PBXBuildFile; fileRef = EC1FAA3321AD73D0006ABCFD /* Stationnement.swift */; };
		EC1FAA3821ADA6CE006ABCFD /* CustomListeViewController.swift in Sources */ = {isa = PBXBuildFile; fileRef = EC1FAA3721ADA6CE006ABCFD /* CustomListeViewController.swift */; };
		EC1FAA3C21ADAE4C006ABCFD /* DetailsViewController.swift in Sources */ = {isa = PBXBuildFile; fileRef = EC1FAA3B21ADAE4C006ABCFD /* DetailsViewController.swift */; };
		EC1FAA3E21ADB5A3006ABCFD /* HeaderView.swift in Sources */ = {isa = PBXBuildFile; fileRef = EC1FAA3D21ADB5A3006ABCFD /* HeaderView.swift */; };
		EC1FAA4321ADC131006ABCFD /* libsqlite3.0.tbd in Frameworks */ = {isa = PBXBuildFile; fileRef = EC1FAA4221ADC130006ABCFD /* libsqlite3.0.tbd */; };
		EC1FAAEA21ADC9C2006ABCFD /* SQLite.framework in Frameworks */ = {isa = PBXBuildFile; fileRef = EC1FAADD21ADC9AB006ABCFD /* SQLite.framework */; };
		EC1FAAEC21ADC9CE006ABCFD /* SQLite.framework in Embed Frameworks */ = {isa = PBXBuildFile; fileRef = EC1FAADD21ADC9AB006ABCFD /* SQLite.framework */; settings = {ATTRIBUTES = (CodeSignOnCopy, RemoveHeadersOnCopy, ); }; };
		EC1FAAF821ADCBF0006ABCFD /* RequeteSQL.swift in Sources */ = {isa = PBXBuildFile; fileRef = EC1FAAF721ADCBF0006ABCFD /* RequeteSQL.swift */; };
		EC203F2721B5685900AA5DC6 /* MapKit.framework in Frameworks */ = {isa = PBXBuildFile; fileRef = EC203F2621B5685900AA5DC6 /* MapKit.framework */; };
		EC203F2C21B56F8300AA5DC6 /* CameraViewController.swift in Sources */ = {isa = PBXBuildFile; fileRef = EC203F2B21B56F8300AA5DC6 /* CameraViewController.swift */; };
		EC203F2E21B57B6800AA5DC6 /* AudioViewController.swift in Sources */ = {isa = PBXBuildFile; fileRef = EC203F2D21B57B6800AA5DC6 /* AudioViewController.swift */; };
		EC203F3021B5861900AA5DC6 /* InfoView.swift in Sources */ = {isa = PBXBuildFile; fileRef = EC203F2F21B5861900AA5DC6 /* InfoView.swift */; };
		EC203F3221B5A9A000AA5DC6 /* CollectionViewController.swift in Sources */ = {isa = PBXBuildFile; fileRef = EC203F3121B5A9A000AA5DC6 /* CollectionViewController.swift */; };
		EC6F9A5321A81AE000485FD3 /* AppDelegate.swift in Sources */ = {isa = PBXBuildFile; fileRef = EC6F9A5221A81AE000485FD3 /* AppDelegate.swift */; };
		EC6F9A5521A81AE000485FD3 /* MapViewController.swift in Sources */ = {isa = PBXBuildFile; fileRef = EC6F9A5421A81AE000485FD3 /* MapViewController.swift */; };
		EC6F9A5821A81AE000485FD3 /* Main.storyboard in Resources */ = {isa = PBXBuildFile; fileRef = EC6F9A5621A81AE000485FD3 /* Main.storyboard */; };
		EC6F9A5A21A81AEA00485FD3 /* Assets.xcassets in Resources */ = {isa = PBXBuildFile; fileRef = EC6F9A5921A81AEA00485FD3 /* Assets.xcassets */; };
		EC6F9A5D21A81AEA00485FD3 /* LaunchScreen.storyboard in Resources */ = {isa = PBXBuildFile; fileRef = EC6F9A5B21A81AEA00485FD3 /* LaunchScreen.storyboard */; };
		EC6F9A6821A81AEA00485FD3 /* AppFiveUITests.swift in Sources */ = {isa = PBXBuildFile; fileRef = EC6F9A6721A81AEA00485FD3 /* AppFiveUITests.swift */; };
		ECC32D7D21B5C03C00BD8E4D /* ListeViewController.swift in Sources */ = {isa = PBXBuildFile; fileRef = ECC32D7C21B5C03C00BD8E4D /* ListeViewController.swift */; };
/* End PBXBuildFile section */

/* Begin PBXContainerItemProxy section */
		EC1FAADC21ADC9AB006ABCFD /* PBXContainerItemProxy */ = {
			isa = PBXContainerItemProxy;
			containerPortal = EC1FAAD221ADC9AB006ABCFD /* SQLite.xcodeproj */;
			proxyType = 2;
			remoteGlobalIDString = EE247AD31C3F04ED00AE3E12;
			remoteInfo = "SQLite iOS";
		};
		EC1FAADE21ADC9AB006ABCFD /* PBXContainerItemProxy */ = {
			isa = PBXContainerItemProxy;
			containerPortal = EC1FAAD221ADC9AB006ABCFD /* SQLite.xcodeproj */;
			proxyType = 2;
			remoteGlobalIDString = EE247ADD1C3F04ED00AE3E12;
			remoteInfo = "SQLiteTests iOS";
		};
		EC1FAAE021ADC9AB006ABCFD /* PBXContainerItemProxy */ = {
			isa = PBXContainerItemProxy;
			containerPortal = EC1FAAD221ADC9AB006ABCFD /* SQLite.xcodeproj */;
			proxyType = 2;
			remoteGlobalIDString = EE247B3C1C3F3ED000AE3E12;
			remoteInfo = "SQLite Mac";
		};
		EC1FAAE221ADC9AB006ABCFD /* PBXContainerItemProxy */ = {
			isa = PBXContainerItemProxy;
			containerPortal = EC1FAAD221ADC9AB006ABCFD /* SQLite.xcodeproj */;
			proxyType = 2;
			remoteGlobalIDString = EE247B451C3F3ED000AE3E12;
			remoteInfo = "SQLiteTests Mac";
		};
		EC1FAAE421ADC9AB006ABCFD /* PBXContainerItemProxy */ = {
			isa = PBXContainerItemProxy;
			containerPortal = EC1FAAD221ADC9AB006ABCFD /* SQLite.xcodeproj */;
			proxyType = 2;
			remoteGlobalIDString = 03A65E5A1C6BB0F50062603F;
			remoteInfo = "SQLite tvOS";
		};
		EC1FAAE621ADC9AB006ABCFD /* PBXContainerItemProxy */ = {
			isa = PBXContainerItemProxy;
			containerPortal = EC1FAAD221ADC9AB006ABCFD /* SQLite.xcodeproj */;
			proxyType = 2;
			remoteGlobalIDString = 03A65E631C6BB0F60062603F;
			remoteInfo = "SQLiteTests tvOS";
		};
		EC1FAAE821ADC9AB006ABCFD /* PBXContainerItemProxy */ = {
			isa = PBXContainerItemProxy;
			containerPortal = EC1FAAD221ADC9AB006ABCFD /* SQLite.xcodeproj */;
			proxyType = 2;
			remoteGlobalIDString = A121AC451CA35C79005A31D1;
			remoteInfo = "SQLite watchOS";
		};
		EC1FAAED21ADC9CE006ABCFD /* PBXContainerItemProxy */ = {
			isa = PBXContainerItemProxy;
			containerPortal = EC1FAAD221ADC9AB006ABCFD /* SQLite.xcodeproj */;
			proxyType = 1;
			remoteGlobalIDString = EE247AD21C3F04ED00AE3E12;
			remoteInfo = "SQLite iOS";
		};
		EC6F9A6421A81AEA00485FD3 /* PBXContainerItemProxy */ = {
			isa = PBXContainerItemProxy;
			containerPortal = EC6F9A4721A81ADF00485FD3 /* Project object */;
			proxyType = 1;
			remoteGlobalIDString = EC6F9A4E21A81ADF00485FD3;
			remoteInfo = AppFive;
		};
/* End PBXContainerItemProxy section */

/* Begin PBXCopyFilesBuildPhase section */
		EC1FAAEF21ADC9CE006ABCFD /* Embed Frameworks */ = {
			isa = PBXCopyFilesBuildPhase;
			buildActionMask = 2147483647;
			dstPath = "";
			dstSubfolderSpec = 10;
			files = (
				EC1FAAEC21ADC9CE006ABCFD /* SQLite.framework in Embed Frameworks */,
			);
			name = "Embed Frameworks";
			runOnlyForDeploymentPostprocessing = 0;
		};
/* End PBXCopyFilesBuildPhase section */

/* Begin PBXFileReference section */
		EC17747321B04ABE00455170 /* Location.swift */ = {isa = PBXFileReference; lastKnownFileType = sourcecode.swift; path = Location.swift; sourceTree = "<group>"; };
		EC1FAA3321AD73D0006ABCFD /* Stationnement.swift */ = {isa = PBXFileReference; fileEncoding = 4; lastKnownFileType = sourcecode.swift; path = Stationnement.swift; sourceTree = "<group>"; };
		EC1FAA3721ADA6CE006ABCFD /* CustomListeViewController.swift */ = {isa = PBXFileReference; lastKnownFileType = sourcecode.swift; path = CustomListeViewController.swift; sourceTree = "<group>"; };
		EC1FAA3B21ADAE4C006ABCFD /* DetailsViewController.swift */ = {isa = PBXFileReference; lastKnownFileType = sourcecode.swift; path = DetailsViewController.swift; sourceTree = "<group>"; };
		EC1FAA3D21ADB5A3006ABCFD /* HeaderView.swift */ = {isa = PBXFileReference; fileEncoding = 4; lastKnownFileType = sourcecode.swift; path = HeaderView.swift; sourceTree = "<group>"; };
		EC1FAA4021ADC0A9006ABCFD /* libsqlite3.tbd */ = {isa = PBXFileReference; lastKnownFileType = "sourcecode.text-based-dylib-definition"; name = libsqlite3.tbd; path = usr/lib/libsqlite3.tbd; sourceTree = SDKROOT; };
		EC1FAA4221ADC130006ABCFD /* libsqlite3.0.tbd */ = {isa = PBXFileReference; lastKnownFileType = "sourcecode.text-based-dylib-definition"; name = libsqlite3.0.tbd; path = usr/lib/libsqlite3.0.tbd; sourceTree = SDKROOT; };
		EC1FAAD221ADC9AB006ABCFD /* SQLite.xcodeproj */ = {isa = PBXFileReference; lastKnownFileType = "wrapper.pb-project"; name = SQLite.xcodeproj; path = "../../../Downloads/SQLite.swift-master/SQLite.xcodeproj"; sourceTree = "<group>"; };
		EC1FAAF721ADCBF0006ABCFD /* RequeteSQL.swift */ = {isa = PBXFileReference; lastKnownFileType = sourcecode.swift; path = RequeteSQL.swift; sourceTree = "<group>"; };
		EC203F2621B5685900AA5DC6 /* MapKit.framework */ = {isa = PBXFileReference; lastKnownFileType = wrapper.framework; name = MapKit.framework; path = System/Library/Frameworks/MapKit.framework; sourceTree = SDKROOT; };
		EC203F2821B5688400AA5DC6 /* AppFive.entitlements */ = {isa = PBXFileReference; lastKnownFileType = text.plist.entitlements; path = AppFive.entitlements; sourceTree = "<group>"; };
		EC203F2B21B56F8300AA5DC6 /* CameraViewController.swift */ = {isa = PBXFileReference; lastKnownFileType = sourcecode.swift; path = CameraViewController.swift; sourceTree = "<group>"; };
		EC203F2D21B57B6800AA5DC6 /* AudioViewController.swift */ = {isa = PBXFileReference; lastKnownFileType = sourcecode.swift; path = AudioViewController.swift; sourceTree = "<group>"; };
		EC203F2F21B5861900AA5DC6 /* InfoView.swift */ = {isa = PBXFileReference; lastKnownFileType = sourcecode.swift; path = InfoView.swift; sourceTree = "<group>"; };
		EC203F3121B5A9A000AA5DC6 /* CollectionViewController.swift */ = {isa = PBXFileReference; lastKnownFileType = sourcecode.swift; path = CollectionViewController.swift; sourceTree = "<group>"; };
		EC6F9A4F21A81AE000485FD3 /* AppFive.app */ = {isa = PBXFileReference; explicitFileType = wrapper.application; includeInIndex = 0; path = AppFive.app; sourceTree = BUILT_PRODUCTS_DIR; };
		EC6F9A5221A81AE000485FD3 /* AppDelegate.swift */ = {isa = PBXFileReference; lastKnownFileType = sourcecode.swift; path = AppDelegate.swift; sourceTree = "<group>"; };
		EC6F9A5421A81AE000485FD3 /* MapViewController.swift */ = {isa = PBXFileReference; lastKnownFileType = sourcecode.swift; path = MapViewController.swift; sourceTree = "<group>"; };
		EC6F9A5721A81AE000485FD3 /* Base */ = {isa = PBXFileReference; lastKnownFileType = file.storyboard; name = Base; path = Base.lproj/Main.storyboard; sourceTree = "<group>"; };
		EC6F9A5921A81AEA00485FD3 /* Assets.xcassets */ = {isa = PBXFileReference; lastKnownFileType = folder.assetcatalog; path = Assets.xcassets; sourceTree = "<group>"; };
		EC6F9A5C21A81AEA00485FD3 /* Base */ = {isa = PBXFileReference; lastKnownFileType = file.storyboard; name = Base; path = Base.lproj/LaunchScreen.storyboard; sourceTree = "<group>"; };
		EC6F9A5E21A81AEA00485FD3 /* Info.plist */ = {isa = PBXFileReference; lastKnownFileType = text.plist.xml; path = Info.plist; sourceTree = "<group>"; };
		EC6F9A6321A81AEA00485FD3 /* AppFiveUITests.xctest */ = {isa = PBXFileReference; explicitFileType = wrapper.cfbundle; includeInIndex = 0; path = AppFiveUITests.xctest; sourceTree = BUILT_PRODUCTS_DIR; };
		EC6F9A6721A81AEA00485FD3 /* AppFiveUITests.swift */ = {isa = PBXFileReference; lastKnownFileType = sourcecode.swift; path = AppFiveUITests.swift; sourceTree = "<group>"; };
		EC6F9A6921A81AEA00485FD3 /* Info.plist */ = {isa = PBXFileReference; lastKnownFileType = text.plist.xml; path = Info.plist; sourceTree = "<group>"; };
		ECC32D7C21B5C03C00BD8E4D /* ListeViewController.swift */ = {isa = PBXFileReference; lastKnownFileType = sourcecode.swift; path = ListeViewController.swift; sourceTree = "<group>"; };
/* End PBXFileReference section */

/* Begin PBXFrameworksBuildPhase section */
		EC6F9A4C21A81ADF00485FD3 /* Frameworks */ = {
			isa = PBXFrameworksBuildPhase;
			buildActionMask = 2147483647;
			files = (
				EC1FAAEA21ADC9C2006ABCFD /* SQLite.framework in Frameworks */,
				EC203F2721B5685900AA5DC6 /* MapKit.framework in Frameworks */,
				EC1FAA4321ADC131006ABCFD /* libsqlite3.0.tbd in Frameworks */,
			);
			runOnlyForDeploymentPostprocessing = 0;
		};
		EC6F9A6021A81AEA00485FD3 /* Frameworks */ = {
			isa = PBXFrameworksBuildPhase;
			buildActionMask = 2147483647;
			files = (
			);
			runOnlyForDeploymentPostprocessing = 0;
		};
/* End PBXFrameworksBuildPhase section */

/* Begin PBXGroup section */
		EC1FAA3F21ADC0A8006ABCFD /* Frameworks */ = {
			isa = PBXGroup;
			children = (
				EC203F2621B5685900AA5DC6 /* MapKit.framework */,
				EC1FAA4221ADC130006ABCFD /* libsqlite3.0.tbd */,
				EC1FAA4021ADC0A9006ABCFD /* libsqlite3.tbd */,
			);
			name = Frameworks;
			sourceTree = "<group>";
		};
		EC1FAAD321ADC9AB006ABCFD /* Products */ = {
			isa = PBXGroup;
			children = (
				EC1FAADD21ADC9AB006ABCFD /* SQLite.framework */,
				EC1FAADF21ADC9AB006ABCFD /* SQLiteTests iOS.xctest */,
				EC1FAAE121ADC9AB006ABCFD /* SQLite.framework */,
				EC1FAAE321ADC9AB006ABCFD /* SQLiteTests Mac.xctest */,
				EC1FAAE521ADC9AB006ABCFD /* SQLite.framework */,
				EC1FAAE721ADC9AB006ABCFD /* SQLiteTests tvOS.xctest */,
				EC1FAAE921ADC9AB006ABCFD /* SQLite.framework */,
			);
			name = Products;
			sourceTree = "<group>";
		};
		EC6F9A4621A81ADF00485FD3 = {
			isa = PBXGroup;
			children = (
				EC6F9A5121A81AE000485FD3 /* AppFive */,
				EC6F9A6621A81AEA00485FD3 /* AppFiveUITests */,
				EC6F9A5021A81AE000485FD3 /* Products */,
				EC1FAA3F21ADC0A8006ABCFD /* Frameworks */,
				EC1FAAD221ADC9AB006ABCFD /* SQLite.xcodeproj */,
			);
			sourceTree = "<group>";
		};
		EC6F9A5021A81AE000485FD3 /* Products */ = {
			isa = PBXGroup;
			children = (
				EC6F9A4F21A81AE000485FD3 /* AppFive.app */,
				EC6F9A6321A81AEA00485FD3 /* AppFiveUITests.xctest */,
			);
			name = Products;
			sourceTree = "<group>";
		};
		EC6F9A5121A81AE000485FD3 /* AppFive */ = {
			isa = PBXGroup;
			children = (
				EC203F2821B5688400AA5DC6 /* AppFive.entitlements */,
				EC6F9A5221A81AE000485FD3 /* AppDelegate.swift */,
				EC1FAA3D21ADB5A3006ABCFD /* HeaderView.swift */,
				EC203F2F21B5861900AA5DC6 /* InfoView.swift */,
				EC17747321B04ABE00455170 /* Location.swift */,
				EC1FAA3321AD73D0006ABCFD /* Stationnement.swift */,
				EC1FAAF721ADCBF0006ABCFD /* RequeteSQL.swift */,
				EC6F9A5421A81AE000485FD3 /* MapViewController.swift */,
				ECC32D7C21B5C03C00BD8E4D /* ListeViewController.swift */,
				EC1FAA3721ADA6CE006ABCFD /* CustomListeViewController.swift */,
				EC203F3121B5A9A000AA5DC6 /* CollectionViewController.swift */,
				EC1FAA3B21ADAE4C006ABCFD /* DetailsViewController.swift */,
				EC203F2D21B57B6800AA5DC6 /* AudioViewController.swift */,
				EC203F2B21B56F8300AA5DC6 /* CameraViewController.swift */,
				EC6F9A5621A81AE000485FD3 /* Main.storyboard */,
				EC6F9A5921A81AEA00485FD3 /* Assets.xcassets */,
				EC6F9A5B21A81AEA00485FD3 /* LaunchScreen.storyboard */,
				EC6F9A5E21A81AEA00485FD3 /* Info.plist */,
			);
			path = AppFive;
			sourceTree = "<group>";
		};
		EC6F9A6621A81AEA00485FD3 /* AppFiveUITests */ = {
			isa = PBXGroup;
			children = (
				EC6F9A6721A81AEA00485FD3 /* AppFiveUITests.swift */,
				EC6F9A6921A81AEA00485FD3 /* Info.plist */,
			);
			path = AppFiveUITests;
			sourceTree = "<group>";
		};
/* End PBXGroup section */

/* Begin PBXNativeTarget section */
		EC6F9A4E21A81ADF00485FD3 /* AppFive */ = {
			isa = PBXNativeTarget;
			buildConfigurationList = EC6F9A6C21A81AEA00485FD3 /* Build configuration list for PBXNativeTarget "AppFive" */;
			buildPhases = (
				EC6F9A4B21A81ADF00485FD3 /* Sources */,
				EC6F9A4C21A81ADF00485FD3 /* Frameworks */,
				EC6F9A4D21A81ADF00485FD3 /* Resources */,
				EC1FAAEF21ADC9CE006ABCFD /* Embed Frameworks */,
			);
			buildRules = (
			);
			dependencies = (
				EC1FAAEE21ADC9CE006ABCFD /* PBXTargetDependency */,
			);
			name = AppFive;
			productName = AppFive;
			productReference = EC6F9A4F21A81AE000485FD3 /* AppFive.app */;
			productType = "com.apple.product-type.application";
		};
		EC6F9A6221A81AEA00485FD3 /* AppFiveUITests */ = {
			isa = PBXNativeTarget;
			buildConfigurationList = EC6F9A6F21A81AEA00485FD3 /* Build configuration list for PBXNativeTarget "AppFiveUITests" */;
			buildPhases = (
				EC6F9A5F21A81AEA00485FD3 /* Sources */,
				EC6F9A6021A81AEA00485FD3 /* Frameworks */,
				EC6F9A6121A81AEA00485FD3 /* Resources */,
			);
			buildRules = (
			);
			dependencies = (
				EC6F9A6521A81AEA00485FD3 /* PBXTargetDependency */,
			);
			name = AppFiveUITests;
			productName = AppFiveUITests;
			productReference = EC6F9A6321A81AEA00485FD3 /* AppFiveUITests.xctest */;
			productType = "com.apple.product-type.bundle.ui-testing";
		};
/* End PBXNativeTarget section */

/* Begin PBXProject section */
		EC6F9A4721A81ADF00485FD3 /* Project object */ = {
			isa = PBXProject;
			attributes = {
				LastSwiftUpdateCheck = 1000;
				LastUpgradeCheck = 1000;
				ORGANIZATIONNAME = "L3P-IEM";
				TargetAttributes = {
					EC6F9A4E21A81ADF00485FD3 = {
						CreatedOnToolsVersion = 10.0;
						SystemCapabilities = {
							com.apple.InterAppAudio = {
								enabled = 0;
							};
							com.apple.Maps.iOS = {
								enabled = 1;
							};
						};
					};
					EC6F9A6221A81AEA00485FD3 = {
						CreatedOnToolsVersion = 10.0;
						TestTargetID = EC6F9A4E21A81ADF00485FD3;
					};
				};
			};
			buildConfigurationList = EC6F9A4A21A81ADF00485FD3 /* Build configuration list for PBXProject "AppFive" */;
			compatibilityVersion = "Xcode 9.3";
			developmentRegion = en;
			hasScannedForEncodings = 0;
			knownRegions = (
				en,
				Base,
			);
			mainGroup = EC6F9A4621A81ADF00485FD3;
			productRefGroup = EC6F9A5021A81AE000485FD3 /* Products */;
			projectDirPath = "";
			projectReferences = (
				{
					ProductGroup = EC1FAAD321ADC9AB006ABCFD /* Products */;
					ProjectRef = EC1FAAD221ADC9AB006ABCFD /* SQLite.xcodeproj */;
				},
			);
			projectRoot = "";
			targets = (
				EC6F9A4E21A81ADF00485FD3 /* AppFive */,
				EC6F9A6221A81AEA00485FD3 /* AppFiveUITests */,
			);
		};
/* End PBXProject section */

/* Begin PBXReferenceProxy section */
		EC1FAADD21ADC9AB006ABCFD /* SQLite.framework */ = {
			isa = PBXReferenceProxy;
			fileType = wrapper.framework;
			path = SQLite.framework;
			remoteRef = EC1FAADC21ADC9AB006ABCFD /* PBXContainerItemProxy */;
			sourceTree = BUILT_PRODUCTS_DIR;
		};
		EC1FAADF21ADC9AB006ABCFD /* SQLiteTests iOS.xctest */ = {
			isa = PBXReferenceProxy;
			fileType = wrapper.cfbundle;
			path = "SQLiteTests iOS.xctest";
			remoteRef = EC1FAADE21ADC9AB006ABCFD /* PBXContainerItemProxy */;
			sourceTree = BUILT_PRODUCTS_DIR;
		};
		EC1FAAE121ADC9AB006ABCFD /* SQLite.framework */ = {
			isa = PBXReferenceProxy;
			fileType = wrapper.framework;
			path = SQLite.framework;
			remoteRef = EC1FAAE021ADC9AB006ABCFD /* PBXContainerItemProxy */;
			sourceTree = BUILT_PRODUCTS_DIR;
		};
		EC1FAAE321ADC9AB006ABCFD /* SQLiteTests Mac.xctest */ = {
			isa = PBXReferenceProxy;
			fileType = wrapper.cfbundle;
			path = "SQLiteTests Mac.xctest";
			remoteRef = EC1FAAE221ADC9AB006ABCFD /* PBXContainerItemProxy */;
			sourceTree = BUILT_PRODUCTS_DIR;
		};
		EC1FAAE521ADC9AB006ABCFD /* SQLite.framework */ = {
			isa = PBXReferenceProxy;
			fileType = wrapper.framework;
			path = SQLite.framework;
			remoteRef = EC1FAAE421ADC9AB006ABCFD /* PBXContainerItemProxy */;
			sourceTree = BUILT_PRODUCTS_DIR;
		};
		EC1FAAE721ADC9AB006ABCFD /* SQLiteTests tvOS.xctest */ = {
			isa = PBXReferenceProxy;
			fileType = wrapper.cfbundle;
			path = "SQLiteTests tvOS.xctest";
			remoteRef = EC1FAAE621ADC9AB006ABCFD /* PBXContainerItemProxy */;
			sourceTree = BUILT_PRODUCTS_DIR;
		};
		EC1FAAE921ADC9AB006ABCFD /* SQLite.framework */ = {
			isa = PBXReferenceProxy;
			fileType = wrapper.framework;
			path = SQLite.framework;
			remoteRef = EC1FAAE821ADC9AB006ABCFD /* PBXContainerItemProxy */;
			sourceTree = BUILT_PRODUCTS_DIR;
		};
/* End PBXReferenceProxy section */

/* Begin PBXResourcesBuildPhase section */
		EC6F9A4D21A81ADF00485FD3 /* Resources */ = {
			isa = PBXResourcesBuildPhase;
			buildActionMask = 2147483647;
			files = (
				EC6F9A5D21A81AEA00485FD3 /* LaunchScreen.storyboard in Resources */,
				EC6F9A5A21A81AEA00485FD3 /* Assets.xcassets in Resources */,
				EC6F9A5821A81AE000485FD3 /* Main.storyboard in Resources */,
			);
			runOnlyForDeploymentPostprocessing = 0;
		};
		EC6F9A6121A81AEA00485FD3 /* Resources */ = {
			isa = PBXResourcesBuildPhase;
			buildActionMask = 2147483647;
			files = (
			);
			runOnlyForDeploymentPostprocessing = 0;
		};
/* End PBXResourcesBuildPhase section */

/* Begin PBXSourcesBuildPhase section */
		EC6F9A4B21A81ADF00485FD3 /* Sources */ = {
			isa = PBXSourcesBuildPhase;
			buildActionMask = 2147483647;
			files = (
				EC203F3221B5A9A000AA5DC6 /* CollectionViewController.swift in Sources */,
				EC6F9A5521A81AE000485FD3 /* MapViewController.swift in Sources */,
				EC203F3021B5861900AA5DC6 /* InfoView.swift in Sources */,
				EC203F2C21B56F8300AA5DC6 /* CameraViewController.swift in Sources */,
				EC1FAA3E21ADB5A3006ABCFD /* HeaderView.swift in Sources */,
				EC1FAAF821ADCBF0006ABCFD /* RequeteSQL.swift in Sources */,
				ECC32D7D21B5C03C00BD8E4D /* ListeViewController.swift in Sources */,
				EC6F9A5321A81AE000485FD3 /* AppDelegate.swift in Sources */,
				EC17747421B04ABE00455170 /* Location.swift in Sources */,
				EC1FAA3C21ADAE4C006ABCFD /* DetailsViewController.swift in Sources */,
				EC203F2E21B57B6800AA5DC6 /* AudioViewController.swift in Sources */,
				EC1FAA3821ADA6CE006ABCFD /* CustomListeViewController.swift in Sources */,
				EC1FAA3421AD73D0006ABCFD /* Stationnement.swift in Sources */,
			);
			runOnlyForDeploymentPostprocessing = 0;
		};
		EC6F9A5F21A81AEA00485FD3 /* Sources */ = {
			isa = PBXSourcesBuildPhase;
			buildActionMask = 2147483647;
			files = (
				EC6F9A6821A81AEA00485FD3 /* AppFiveUITests.swift in Sources */,
			);
			runOnlyForDeploymentPostprocessing = 0;
		};
/* End PBXSourcesBuildPhase section */

/* Begin PBXTargetDependency section */
		EC1FAAEE21ADC9CE006ABCFD /* PBXTargetDependency */ = {
			isa = PBXTargetDependency;
			name = "SQLite iOS";
			targetProxy = EC1FAAED21ADC9CE006ABCFD /* PBXContainerItemProxy */;
		};
		EC6F9A6521A81AEA00485FD3 /* PBXTargetDependency */ = {
			isa = PBXTargetDependency;
			target = EC6F9A4E21A81ADF00485FD3 /* AppFive */;
			targetProxy = EC6F9A6421A81AEA00485FD3 /* PBXContainerItemProxy */;
		};
/* End PBXTargetDependency section */

/* Begin PBXVariantGroup section */
		EC6F9A5621A81AE000485FD3 /* Main.storyboard */ = {
			isa = PBXVariantGroup;
			children = (
				EC6F9A5721A81AE000485FD3 /* Base */,
			);
			name = Main.storyboard;
			sourceTree = "<group>";
		};
		EC6F9A5B21A81AEA00485FD3 /* LaunchScreen.storyboard */ = {
			isa = PBXVariantGroup;
			children = (
				EC6F9A5C21A81AEA00485FD3 /* Base */,
			);
			name = LaunchScreen.storyboard;
			sourceTree = "<group>";
		};
/* End PBXVariantGroup section */

/* Begin XCBuildConfiguration section */
		EC6F9A6A21A81AEA00485FD3 /* Debug */ = {
			isa = XCBuildConfiguration;
			buildSettings = {
				ALWAYS_SEARCH_USER_PATHS = NO;
				CLANG_ANALYZER_NONNULL = YES;
				CLANG_ANALYZER_NUMBER_OBJECT_CONVERSION = YES_AGGRESSIVE;
				CLANG_CXX_LANGUAGE_STANDARD = "gnu++14";
				CLANG_CXX_LIBRARY = "libc++";
				CLANG_ENABLE_MODULES = YES;
				CLANG_ENABLE_OBJC_ARC = YES;
				CLANG_ENABLE_OBJC_WEAK = YES;
				CLANG_WARN_BLOCK_CAPTURE_AUTORELEASING = YES;
				CLANG_WARN_BOOL_CONVERSION = YES;
				CLANG_WARN_COMMA = YES;
				CLANG_WARN_CONSTANT_CONVERSION = YES;
				CLANG_WARN_DEPRECATED_OBJC_IMPLEMENTATIONS = YES;
				CLANG_WARN_DIRECT_OBJC_ISA_USAGE = YES_ERROR;
				CLANG_WARN_DOCUMENTATION_COMMENTS = YES;
				CLANG_WARN_EMPTY_BODY = YES;
				CLANG_WARN_ENUM_CONVERSION = YES;
				CLANG_WARN_INFINITE_RECURSION = YES;
				CLANG_WARN_INT_CONVERSION = YES;
				CLANG_WARN_NON_LITERAL_NULL_CONVERSION = YES;
				CLANG_WARN_OBJC_IMPLICIT_RETAIN_SELF = YES;
				CLANG_WARN_OBJC_LITERAL_CONVERSION = YES;
				CLANG_WARN_OBJC_ROOT_CLASS = YES_ERROR;
				CLANG_WARN_RANGE_LOOP_ANALYSIS = YES;
				CLANG_WARN_STRICT_PROTOTYPES = YES;
				CLANG_WARN_SUSPICIOUS_MOVE = YES;
				CLANG_WARN_UNGUARDED_AVAILABILITY = YES_AGGRESSIVE;
				CLANG_WARN_UNREACHABLE_CODE = YES;
				CLANG_WARN__DUPLICATE_METHOD_MATCH = YES;
				CODE_SIGN_IDENTITY = "iPhone Developer";
				COPY_PHASE_STRIP = NO;
				DEBUG_INFORMATION_FORMAT = dwarf;
				ENABLE_STRICT_OBJC_MSGSEND = YES;
				ENABLE_TESTABILITY = YES;
				GCC_C_LANGUAGE_STANDARD = gnu11;
				GCC_DYNAMIC_NO_PIC = NO;
				GCC_NO_COMMON_BLOCKS = YES;
				GCC_OPTIMIZATION_LEVEL = 0;
				GCC_PREPROCESSOR_DEFINITIONS = (
					"DEBUG=1",
					"$(inherited)",
				);
				GCC_WARN_64_TO_32_BIT_CONVERSION = YES;
				GCC_WARN_ABOUT_RETURN_TYPE = YES_ERROR;
				GCC_WARN_UNDECLARED_SELECTOR = YES;
				GCC_WARN_UNINITIALIZED_AUTOS = YES_AGGRESSIVE;
				GCC_WARN_UNUSED_FUNCTION = YES;
				GCC_WARN_UNUSED_VARIABLE = YES;
				IPHONEOS_DEPLOYMENT_TARGET = 12.0;
				MTL_ENABLE_DEBUG_INFO = INCLUDE_SOURCE;
				MTL_FAST_MATH = YES;
				ONLY_ACTIVE_ARCH = YES;
				SDKROOT = iphoneos;
				SWIFT_ACTIVE_COMPILATION_CONDITIONS = DEBUG;
				SWIFT_OPTIMIZATION_LEVEL = "-Onone";
			};
			name = Debug;
		};
		EC6F9A6B21A81AEA00485FD3 /* Release */ = {
			isa = XCBuildConfiguration;
			buildSettings = {
				ALWAYS_SEARCH_USER_PATHS = NO;
				CLANG_ANALYZER_NONNULL = YES;
				CLANG_ANALYZER_NUMBER_OBJECT_CONVERSION = YES_AGGRESSIVE;
				CLANG_CXX_LANGUAGE_STANDARD = "gnu++14";
				CLANG_CXX_LIBRARY = "libc++";
				CLANG_ENABLE_MODULES = YES;
				CLANG_ENABLE_OBJC_ARC = YES;
				CLANG_ENABLE_OBJC_WEAK = YES;
				CLANG_WARN_BLOCK_CAPTURE_AUTORELEASING = YES;
				CLANG_WARN_BOOL_CONVERSION = YES;
				CLANG_WARN_COMMA = YES;
				CLANG_WARN_CONSTANT_CONVERSION = YES;
				CLANG_WARN_DEPRECATED_OBJC_IMPLEMENTATIONS = YES;
				CLANG_WARN_DIRECT_OBJC_ISA_USAGE = YES_ERROR;
				CLANG_WARN_DOCUMENTATION_COMMENTS = YES;
				CLANG_WARN_EMPTY_BODY = YES;
				CLANG_WARN_ENUM_CONVERSION = YES;
				CLANG_WARN_INFINITE_RECURSION = YES;
				CLANG_WARN_INT_CONVERSION = YES;
				CLANG_WARN_NON_LITERAL_NULL_CONVERSION = YES;
				CLANG_WARN_OBJC_IMPLICIT_RETAIN_SELF = YES;
				CLANG_WARN_OBJC_LITERAL_CONVERSION = YES;
				CLANG_WARN_OBJC_ROOT_CLASS = YES_ERROR;
				CLANG_WARN_RANGE_LOOP_ANALYSIS = YES;
				CLANG_WARN_STRICT_PROTOTYPES = YES;
				CLANG_WARN_SUSPICIOUS_MOVE = YES;
				CLANG_WARN_UNGUARDED_AVAILABILITY = YES_AGGRESSIVE;
				CLANG_WARN_UNREACHABLE_CODE = YES;
				CLANG_WARN__DUPLICATE_METHOD_MATCH = YES;
				CODE_SIGN_IDENTITY = "iPhone Developer";
				COPY_PHASE_STRIP = NO;
				DEBUG_INFORMATION_FORMAT = "dwarf-with-dsym";
				ENABLE_NS_ASSERTIONS = NO;
				ENABLE_STRICT_OBJC_MSGSEND = YES;
				GCC_C_LANGUAGE_STANDARD = gnu11;
				GCC_NO_COMMON_BLOCKS = YES;
				GCC_WARN_64_TO_32_BIT_CONVERSION = YES;
				GCC_WARN_ABOUT_RETURN_TYPE = YES_ERROR;
				GCC_WARN_UNDECLARED_SELECTOR = YES;
				GCC_WARN_UNINITIALIZED_AUTOS = YES_AGGRESSIVE;
				GCC_WARN_UNUSED_FUNCTION = YES;
				GCC_WARN_UNUSED_VARIABLE = YES;
				IPHONEOS_DEPLOYMENT_TARGET = 12.0;
				MTL_ENABLE_DEBUG_INFO = NO;
				MTL_FAST_MATH = YES;
				SDKROOT = iphoneos;
				SWIFT_COMPILATION_MODE = wholemodule;
				SWIFT_OPTIMIZATION_LEVEL = "-O";
				VALIDATE_PRODUCT = YES;
			};
			name = Release;
		};
		EC6F9A6D21A81AEA00485FD3 /* Debug */ = {
			isa = XCBuildConfiguration;
			buildSettings = {
				ALWAYS_EMBED_SWIFT_STANDARD_LIBRARIES = YES;
				ASSETCATALOG_COMPILER_APPICON_NAME = AppIcon;
				CODE_SIGN_STYLE = Automatic;
				DEVELOPMENT_TEAM = FAD4P47U65;
				INFOPLIST_FILE = AppFive/Info.plist;
				LD_RUNPATH_SEARCH_PATHS = (
					"$(inherited)",
					"@executable_path/Frameworks",
				);
				PRODUCT_BUNDLE_IDENTIFIER = "L3P-IEM.AppFive";
				PRODUCT_NAME = "$(TARGET_NAME)";
				SWIFT_VERSION = 4.2;
				TARGETED_DEVICE_FAMILY = "1,2";
			};
			name = Debug;
		};
		EC6F9A6E21A81AEA00485FD3 /* Release */ = {
			isa = XCBuildConfiguration;
			buildSettings = {
				ALWAYS_EMBED_SWIFT_STANDARD_LIBRARIES = YES;
				ASSETCATALOG_COMPILER_APPICON_NAME = AppIcon;
				CODE_SIGN_STYLE = Automatic;
				DEVELOPMENT_TEAM = FAD4P47U65;
				INFOPLIST_FILE = AppFive/Info.plist;
				LD_RUNPATH_SEARCH_PATHS = (
					"$(inherited)",
					"@executable_path/Frameworks",
				);
				PRODUCT_BUNDLE_IDENTIFIER = "L3P-IEM.AppFive";
				PRODUCT_NAME = "$(TARGET_NAME)";
				SWIFT_VERSION = 4.2;
				TARGETED_DEVICE_FAMILY = "1,2";
			};
			name = Release;
		};
		EC6F9A7021A81AEA00485FD3 /* Debug */ = {
			isa = XCBuildConfiguration;
			buildSettings = {
				ALWAYS_EMBED_SWIFT_STANDARD_LIBRARIES = YES;
				CODE_SIGN_STYLE = Automatic;
				DEVELOPMENT_TEAM = XYHLT42XGQ;
				INFOPLIST_FILE = AppFiveUITests/Info.plist;
				LD_RUNPATH_SEARCH_PATHS = (
					"$(inherited)",
					"@executable_path/Frameworks",
					"@loader_path/Frameworks",
				);
				PRODUCT_BUNDLE_IDENTIFIER = "L3P-IEM.AppFiveUITests";
				PRODUCT_NAME = "$(TARGET_NAME)";
				SWIFT_VERSION = 4.2;
				TARGETED_DEVICE_FAMILY = "1,2";
				TEST_TARGET_NAME = AppFive;
			};
			name = Debug;
		};
		EC6F9A7121A81AEA00485FD3 /* Release */ = {
			isa = XCBuildConfiguration;
			buildSettings = {
				ALWAYS_EMBED_SWIFT_STANDARD_LIBRARIES = YES;
				CODE_SIGN_STYLE = Automatic;
				DEVELOPMENT_TEAM = XYHLT42XGQ;
				INFOPLIST_FILE = AppFiveUITests/Info.plist;
				LD_RUNPATH_SEARCH_PATHS = (
					"$(inherited)",
					"@executable_path/Frameworks",
					"@loader_path/Frameworks",
				);
				PRODUCT_BUNDLE_IDENTIFIER = "L3P-IEM.AppFiveUITests";
				PRODUCT_NAME = "$(TARGET_NAME)";
				SWIFT_VERSION = 4.2;
				TARGETED_DEVICE_FAMILY = "1,2";
				TEST_TARGET_NAME = AppFive;
			};
			name = Release;
		};
/* End XCBuildConfiguration section */

/* Begin XCConfigurationList section */
		EC6F9A4A21A81ADF00485FD3 /* Build configuration list for PBXProject "AppFive" */ = {
			isa = XCConfigurationList;
			buildConfigurations = (
				EC6F9A6A21A81AEA00485FD3 /* Debug */,
				EC6F9A6B21A81AEA00485FD3 /* Release */,
			);
			defaultConfigurationIsVisible = 0;
			defaultConfigurationName = Release;
		};
		EC6F9A6C21A81AEA00485FD3 /* Build configuration list for PBXNativeTarget "AppFive" */ = {
			isa = XCConfigurationList;
			buildConfigurations = (
				EC6F9A6D21A81AEA00485FD3 /* Debug */,
				EC6F9A6E21A81AEA00485FD3 /* Release */,
			);
			defaultConfigurationIsVisible = 0;
			defaultConfigurationName = Release;
		};
		EC6F9A6F21A81AEA00485FD3 /* Build configuration list for PBXNativeTarget "AppFiveUITests" */ = {
			isa = XCConfigurationList;
			buildConfigurations = (
				EC6F9A7021A81AEA00485FD3 /* Debug */,
				EC6F9A7121A81AEA00485FD3 /* Release */,
			);
			defaultConfigurationIsVisible = 0;
			defaultConfigurationName = Release;
		};
/* End XCConfigurationList section */
	};
	rootObject = EC6F9A4721A81ADF00485FD3 /* Project object */;
}
